
Microsoft Visual Studio Solution File, Format Version 12.00
# Visual Studio Version 16
VisualStudioVersion = 16.0.29905.134
MinimumVisualStudioVersion = 10.0.40219.1
Project("{FAE04EC0-301F-11D3-BF4B-00C04F79EFBC}") = "SisVendas", "SisVendas\SisVendas.csproj", "{2F202095-E522-4FFB-AA62-F4291998760F}"
EndProject
Global
	GlobalSection(SolutionConfigurationPlatforms) = preSolution
		Debug|Any CPU = Debug|Any CPU
		Release|Any CPU = Release|Any CPU
	EndGlobalSection
	GlobalSection(ProjectConfigurationPlatforms) = postSolution
		{2F202095-E522-4FFB-AA62-F4291998760F}.Debug|Any CPU.ActiveCfg = Debug|Any CPU
		{2F202095-E522-4FFB-AA62-F4291998760F}.Debug|Any CPU.Build.0 = Debug|Any CPU
		{2F202095-E522-4FFB-AA62-F4291998760F}.Release|Any CPU.ActiveCfg = Release|Any CPU
		{2F202095-E522-4FFB-AA62-F4291998760F}.Release|Any CPU.Build.0 = Release|Any CPU
	EndGlobalSection
	GlobalSection(SolutionProperties) = preSolution
		HideSolutionNode = FALSE
	EndGlobalSection
	GlobalSection(ExtensibilityGlobals) = postSolution
		SolutionGuid = {6815D1A7-1E9D-4CFF-8082-0226FB4DA0E3}
	EndGlobalSection
EndGlobal
