
Microsoft Visual Studio Solution File, Format Version 12.00
# Visual Studio Version 16
VisualStudioVersion = 16.0.29905.134
MinimumVisualStudioVersion = 10.0.40219.1
Project("{FAE04EC0-301F-11D3-BF4B-00C04F79EFBC}") = "SisVendas", "SisVendas\SisVendas.csproj", "{2F202095-E522-4FFB-AA62-F4291998760F}"
EndProject
Project("{FAE04EC0-301F-11D3-BF4B-00C04F79EFBC}") = "SisVendas.DAL", "SisVendas.DAL\SisVendas.DAL.csproj", "{879994B1-8F16-4F9B-ADCE-7C924CDDD9FA}"
EndProject
Global
	GlobalSection(SolutionConfigurationPlatforms) = preSolution
		Debug|Any CPU = Debug|Any CPU
		Debug|ARM = Debug|ARM
		Debug|ARM64 = Debug|ARM64
		Debug|x64 = Debug|x64
		Debug|x86 = Debug|x86
		Release|Any CPU = Release|Any CPU
		Release|ARM = Release|ARM
		Release|ARM64 = Release|ARM64
		Release|x64 = Release|x64
		Release|x86 = Release|x86
	EndGlobalSection
	GlobalSection(ProjectConfigurationPlatforms) = postSolution
		{2F202095-E522-4FFB-AA62-F4291998760F}.Debug|Any CPU.ActiveCfg = Debug|Any CPU
		{2F202095-E522-4FFB-AA62-F4291998760F}.Debug|Any CPU.Build.0 = Debug|Any CPU
		{2F202095-E522-4FFB-AA62-F4291998760F}.Debug|ARM.ActiveCfg = Debug|Any CPU
		{2F202095-E522-4FFB-AA62-F4291998760F}.Debug|ARM.Build.0 = Debug|Any CPU
		{2F202095-E522-4FFB-AA62-F4291998760F}.Debug|ARM64.ActiveCfg = Debug|Any CPU
		{2F202095-E522-4FFB-AA62-F4291998760F}.Debug|ARM64.Build.0 = Debug|Any CPU
		{2F202095-E522-4FFB-AA62-F4291998760F}.Debug|x64.ActiveCfg = Debug|Any CPU
		{2F202095-E522-4FFB-AA62-F4291998760F}.Debug|x64.Build.0 = Debug|Any CPU
		{2F202095-E522-4FFB-AA62-F4291998760F}.Debug|x86.ActiveCfg = Debug|Any CPU
		{2F202095-E522-4FFB-AA62-F4291998760F}.Debug|x86.Build.0 = Debug|Any CPU
		{2F202095-E522-4FFB-AA62-F4291998760F}.Release|Any CPU.ActiveCfg = Release|Any CPU
		{2F202095-E522-4FFB-AA62-F4291998760F}.Release|Any CPU.Build.0 = Release|Any CPU
		{2F202095-E522-4FFB-AA62-F4291998760F}.Release|ARM.ActiveCfg = Release|Any CPU
		{2F202095-E522-4FFB-AA62-F4291998760F}.Release|ARM.Build.0 = Release|Any CPU
		{2F202095-E522-4FFB-AA62-F4291998760F}.Release|ARM64.ActiveCfg = Release|Any CPU
		{2F202095-E522-4FFB-AA62-F4291998760F}.Release|ARM64.Build.0 = Release|Any CPU
		{2F202095-E522-4FFB-AA62-F4291998760F}.Release|x64.ActiveCfg = Release|Any CPU
		{2F202095-E522-4FFB-AA62-F4291998760F}.Release|x64.Build.0 = Release|Any CPU
		{2F202095-E522-4FFB-AA62-F4291998760F}.Release|x86.ActiveCfg = Release|Any CPU
		{2F202095-E522-4FFB-AA62-F4291998760F}.Release|x86.Build.0 = Release|Any CPU
		{879994B1-8F16-4F9B-ADCE-7C924CDDD9FA}.Debug|Any CPU.ActiveCfg = Debug|Any CPU
		{879994B1-8F16-4F9B-ADCE-7C924CDDD9FA}.Debug|Any CPU.Build.0 = Debug|Any CPU
		{879994B1-8F16-4F9B-ADCE-7C924CDDD9FA}.Debug|ARM.ActiveCfg = Debug|Any CPU
		{879994B1-8F16-4F9B-ADCE-7C924CDDD9FA}.Debug|ARM.Build.0 = Debug|Any CPU
		{879994B1-8F16-4F9B-ADCE-7C924CDDD9FA}.Debug|ARM64.ActiveCfg = Debug|Any CPU
		{879994B1-8F16-4F9B-ADCE-7C924CDDD9FA}.Debug|ARM64.Build.0 = Debug|Any CPU
		{879994B1-8F16-4F9B-ADCE-7C924CDDD9FA}.Debug|x64.ActiveCfg = Debug|Any CPU
		{879994B1-8F16-4F9B-ADCE-7C924CDDD9FA}.Debug|x64.Build.0 = Debug|Any CPU
		{879994B1-8F16-4F9B-ADCE-7C924CDDD9FA}.Debug|x86.ActiveCfg = Debug|Any CPU
		{879994B1-8F16-4F9B-ADCE-7C924CDDD9FA}.Debug|x86.Build.0 = Debug|Any CPU
		{879994B1-8F16-4F9B-ADCE-7C924CDDD9FA}.Release|Any CPU.ActiveCfg = Release|Any CPU
		{879994B1-8F16-4F9B-ADCE-7C924CDDD9FA}.Release|Any CPU.Build.0 = Release|Any CPU
		{879994B1-8F16-4F9B-ADCE-7C924CDDD9FA}.Release|ARM.ActiveCfg = Release|Any CPU
		{879994B1-8F16-4F9B-ADCE-7C924CDDD9FA}.Release|ARM.Build.0 = Release|Any CPU
		{879994B1-8F16-4F9B-ADCE-7C924CDDD9FA}.Release|ARM64.ActiveCfg = Release|Any CPU
		{879994B1-8F16-4F9B-ADCE-7C924CDDD9FA}.Release|ARM64.Build.0 = Release|Any CPU
		{879994B1-8F16-4F9B-ADCE-7C924CDDD9FA}.Release|x64.ActiveCfg = Release|Any CPU
		{879994B1-8F16-4F9B-ADCE-7C924CDDD9FA}.Release|x64.Build.0 = Release|Any CPU
		{879994B1-8F16-4F9B-ADCE-7C924CDDD9FA}.Release|x86.ActiveCfg = Release|Any CPU
		{879994B1-8F16-4F9B-ADCE-7C924CDDD9FA}.Release|x86.Build.0 = Release|Any CPU
	EndGlobalSection
	GlobalSection(SolutionProperties) = preSolution
		HideSolutionNode = FALSE
	EndGlobalSection
	GlobalSection(ExtensibilityGlobals) = postSolution
		SolutionGuid = {6815D1A7-1E9D-4CFF-8082-0226FB4DA0E3}
	EndGlobalSection
EndGlobal
